
Microsoft Visual Studio Solution File, Format Version 12.00
# Visual Studio Version 17
VisualStudioVersion = 17.11.35312.102
MinimumVisualStudioVersion = 10.0.40219.1
Project("{FAE04EC0-301F-11D3-BF4B-00C04F79EFBC}") = "laba_9", "laba_9.csproj", "{34DB3755-8324-43F1-8E01-61E082FCE9DF}"
EndProject
Global
	GlobalSection(SolutionConfigurationPlatforms) = preSolution
		Debug|Any CPU = Debug|Any CPU
		Release|Any CPU = Release|Any CPU
	EndGlobalSection
	GlobalSection(ProjectConfigurationPlatforms) = postSolution
		{34DB3755-8324-43F1-8E01-61E082FCE9DF}.Debug|Any CPU.ActiveCfg = Debug|Any CPU
		{34DB3755-8324-43F1-8E01-61E082FCE9DF}.Debug|Any CPU.Build.0 = Debug|Any CPU
		{34DB3755-8324-43F1-8E01-61E082FCE9DF}.Release|Any CPU.ActiveCfg = Release|Any CPU
		{34DB3755-8324-43F1-8E01-61E082FCE9DF}.Release|Any CPU.Build.0 = Release|Any CPU
	EndGlobalSection
	GlobalSection(SolutionProperties) = preSolution
		HideSolutionNode = FALSE
	EndGlobalSection
	GlobalSection(ExtensibilityGlobals) = postSolution
		SolutionGuid = {5ED0B586-3BF4-4DEA-A596-715BDC3A280D}
	EndGlobalSection
EndGlobal
