
Microsoft Visual Studio Solution File, Format Version 12.00
# Visual Studio Version 17
VisualStudioVersion = 17.11.35312.102
MinimumVisualStudioVersion = 10.0.40219.1
Project("{FAE04EC0-301F-11D3-BF4B-00C04F79EFBC}") = "laba4", "laba4.csproj", "{EA72B3D3-09F2-4284-A997-5F8E98C7770E}"
EndProject
Global
	GlobalSection(SolutionConfigurationPlatforms) = preSolution
		Debug|Any CPU = Debug|Any CPU
		Release|Any CPU = Release|Any CPU
	EndGlobalSection
	GlobalSection(ProjectConfigurationPlatforms) = postSolution
		{EA72B3D3-09F2-4284-A997-5F8E98C7770E}.Debug|Any CPU.ActiveCfg = Debug|Any CPU
		{EA72B3D3-09F2-4284-A997-5F8E98C7770E}.Debug|Any CPU.Build.0 = Debug|Any CPU
		{EA72B3D3-09F2-4284-A997-5F8E98C7770E}.Release|Any CPU.ActiveCfg = Release|Any CPU
		{EA72B3D3-09F2-4284-A997-5F8E98C7770E}.Release|Any CPU.Build.0 = Release|Any CPU
	EndGlobalSection
	GlobalSection(SolutionProperties) = preSolution
		HideSolutionNode = FALSE
	EndGlobalSection
	GlobalSection(ExtensibilityGlobals) = postSolution
		SolutionGuid = {F33D4CE5-826D-4E61-B339-985C3C0E1382}
	EndGlobalSection
EndGlobal
