
Microsoft Visual Studio Solution File, Format Version 12.00
# Visual Studio Version 17
VisualStudioVersion = 17.11.35312.102
MinimumVisualStudioVersion = 10.0.40219.1
Project("{FAE04EC0-301F-11D3-BF4B-00C04F79EFBC}") = "laba_14", "laba_14.csproj", "{AF1F6DD4-EC1B-4F71-B0B4-B836B5C3CB79}"
EndProject
Global
	GlobalSection(SolutionConfigurationPlatforms) = preSolution
		Debug|Any CPU = Debug|Any CPU
		Release|Any CPU = Release|Any CPU
	EndGlobalSection
	GlobalSection(ProjectConfigurationPlatforms) = postSolution
		{AF1F6DD4-EC1B-4F71-B0B4-B836B5C3CB79}.Debug|Any CPU.ActiveCfg = Debug|Any CPU
		{AF1F6DD4-EC1B-4F71-B0B4-B836B5C3CB79}.Debug|Any CPU.Build.0 = Debug|Any CPU
		{AF1F6DD4-EC1B-4F71-B0B4-B836B5C3CB79}.Release|Any CPU.ActiveCfg = Release|Any CPU
		{AF1F6DD4-EC1B-4F71-B0B4-B836B5C3CB79}.Release|Any CPU.Build.0 = Release|Any CPU
	EndGlobalSection
	GlobalSection(SolutionProperties) = preSolution
		HideSolutionNode = FALSE
	EndGlobalSection
	GlobalSection(ExtensibilityGlobals) = postSolution
		SolutionGuid = {11C0719C-E2F8-4F8A-B4A1-2F609E35D812}
	EndGlobalSection
EndGlobal
