
Microsoft Visual Studio Solution File, Format Version 12.00
# Visual Studio Version 17
VisualStudioVersion = 17.11.35312.102
MinimumVisualStudioVersion = 10.0.40219.1
Project("{FAE04EC0-301F-11D3-BF4B-00C04F79EFBC}") = "laba_16", "laba_16.csproj", "{FB3D00AD-A12E-4228-B088-D52CC5561C7E}"
EndProject
Global
	GlobalSection(SolutionConfigurationPlatforms) = preSolution
		Debug|Any CPU = Debug|Any CPU
		Release|Any CPU = Release|Any CPU
	EndGlobalSection
	GlobalSection(ProjectConfigurationPlatforms) = postSolution
		{FB3D00AD-A12E-4228-B088-D52CC5561C7E}.Debug|Any CPU.ActiveCfg = Debug|Any CPU
		{FB3D00AD-A12E-4228-B088-D52CC5561C7E}.Debug|Any CPU.Build.0 = Debug|Any CPU
		{FB3D00AD-A12E-4228-B088-D52CC5561C7E}.Release|Any CPU.ActiveCfg = Release|Any CPU
		{FB3D00AD-A12E-4228-B088-D52CC5561C7E}.Release|Any CPU.Build.0 = Release|Any CPU
	EndGlobalSection
	GlobalSection(SolutionProperties) = preSolution
		HideSolutionNode = FALSE
	EndGlobalSection
	GlobalSection(ExtensibilityGlobals) = postSolution
		SolutionGuid = {AB71CD45-95B5-4540-AE3B-CC3FAE6CA702}
	EndGlobalSection
EndGlobal
